// !$*UTF8*$!
{
	archiveVersion = 1;
	classes = {
	};
	objectVersion = 56;
	objects = {

/* Begin PBXBuildFile section */
		436852A52C4D497B003B27D1 /* HW_SuffixSequenceApp.swift in Sources */ = {isa = PBXBuildFile; fileRef = 436852A42C4D497B003B27D1 /* HW_SuffixSequenceApp.swift */; };
		436852A72C4D497B003B27D1 /* SuffixesView.swift in Sources */ = {isa = PBXBuildFile; fileRef = 436852A62C4D497B003B27D1 /* SuffixesView.swift */; };
		436852A92C4D497C003B27D1 /* Assets.xcassets in Resources */ = {isa = PBXBuildFile; fileRef = 436852A82C4D497C003B27D1 /* Assets.xcassets */; };
		436852AC2C4D497C003B27D1 /* Preview Assets.xcassets in Resources */ = {isa = PBXBuildFile; fileRef = 436852AB2C4D497C003B27D1 /* Preview Assets.xcassets */; };
		436852B42C4D4C1B003B27D1 /* SuffixSequence.swift in Sources */ = {isa = PBXBuildFile; fileRef = 436852B32C4D4C1B003B27D1 /* SuffixSequence.swift */; };
		43A6AD552C58E2F300CE8B97 /* CustomTextFieldView.swift in Sources */ = {isa = PBXBuildFile; fileRef = 43A6AD542C58E2F300CE8B97 /* CustomTextFieldView.swift */; };
		43E003712C4E9EC700FBB9A4 /* SuffixesViewModel.swift in Sources */ = {isa = PBXBuildFile; fileRef = 43E003702C4E9EC700FBB9A4 /* SuffixesViewModel.swift */; };
/* End PBXBuildFile section */

/* Begin PBXFileReference section */
		436852A12C4D497B003B27D1 /* HW_SuffixSequence.app */ = {isa = PBXFileReference; explicitFileType = wrapper.application; includeInIndex = 0; path = HW_SuffixSequence.app; sourceTree = BUILT_PRODUCTS_DIR; };
		436852A42C4D497B003B27D1 /* HW_SuffixSequenceApp.swift */ = {isa = PBXFileReference; lastKnownFileType = sourcecode.swift; path = HW_SuffixSequenceApp.swift; sourceTree = "<group>"; };
		436852A62C4D497B003B27D1 /* SuffixesView.swift */ = {isa = PBXFileReference; lastKnownFileType = sourcecode.swift; path = SuffixesView.swift; sourceTree = "<group>"; };
		436852A82C4D497C003B27D1 /* Assets.xcassets */ = {isa = PBXFileReference; lastKnownFileType = folder.assetcatalog; path = Assets.xcassets; sourceTree = "<group>"; };
		436852AB2C4D497C003B27D1 /* Preview Assets.xcassets */ = {isa = PBXFileReference; lastKnownFileType = folder.assetcatalog; path = "Preview Assets.xcassets"; sourceTree = "<group>"; };
		436852B32C4D4C1B003B27D1 /* SuffixSequence.swift */ = {isa = PBXFileReference; lastKnownFileType = sourcecode.swift; path = SuffixSequence.swift; sourceTree = "<group>"; };
		43A6AD542C58E2F300CE8B97 /* CustomTextFieldView.swift */ = {isa = PBXFileReference; lastKnownFileType = sourcecode.swift; path = CustomTextFieldView.swift; sourceTree = "<group>"; };
		43E003702C4E9EC700FBB9A4 /* SuffixesViewModel.swift */ = {isa = PBXFileReference; lastKnownFileType = sourcecode.swift; path = SuffixesViewModel.swift; sourceTree = "<group>"; };
/* End PBXFileReference section */

/* Begin PBXFrameworksBuildPhase section */
		4368529E2C4D497B003B27D1 /* Frameworks */ = {
			isa = PBXFrameworksBuildPhase;
			buildActionMask = 2147483647;
			files = (
			);
			runOnlyForDeploymentPostprocessing = 0;
		};
/* End PBXFrameworksBuildPhase section */

/* Begin PBXGroup section */
		436852982C4D497B003B27D1 = {
			isa = PBXGroup;
			children = (
				436852A32C4D497B003B27D1 /* SuffixSequence */,
				436852A22C4D497B003B27D1 /* Products */,
			);
			sourceTree = "<group>";
		};
		436852A22C4D497B003B27D1 /* Products */ = {
			isa = PBXGroup;
			children = (
				436852A12C4D497B003B27D1 /* HW_SuffixSequence.app */,
			);
			name = Products;
			sourceTree = "<group>";
		};
		436852A32C4D497B003B27D1 /* SuffixSequence */ = {
			isa = PBXGroup;
			children = (
				436852B52C4D52A2003B27D1 /* App */,
				436852B62C4D52B3003B27D1 /* Resources */,
				436852B22C4D4BE4003B27D1 /* Structures */,
				43E0036F2C4E9E9200FBB9A4 /* Modules */,
				436852AA2C4D497C003B27D1 /* Preview Content */,
			);
			path = SuffixSequence;
			sourceTree = "<group>";
		};
		436852AA2C4D497C003B27D1 /* Preview Content */ = {
			isa = PBXGroup;
			children = (
				436852AB2C4D497C003B27D1 /* Preview Assets.xcassets */,
			);
			path = "Preview Content";
			sourceTree = "<group>";
		};
		436852B22C4D4BE4003B27D1 /* Structures */ = {
			isa = PBXGroup;
			children = (
				436852B32C4D4C1B003B27D1 /* SuffixSequence.swift */,
			);
			path = Structures;
			sourceTree = "<group>";
		};
		436852B52C4D52A2003B27D1 /* App */ = {
			isa = PBXGroup;
			children = (
				436852A42C4D497B003B27D1 /* HW_SuffixSequenceApp.swift */,
			);
			path = App;
			sourceTree = "<group>";
		};
		436852B62C4D52B3003B27D1 /* Resources */ = {
			isa = PBXGroup;
			children = (
				436852A82C4D497C003B27D1 /* Assets.xcassets */,
			);
			path = Resources;
			sourceTree = "<group>";
		};
		43A6AD522C58E28C00CE8B97 /* Suffixes */ = {
			isa = PBXGroup;
			children = (
				43A6AD532C58E2B800CE8B97 /* UI */,
				436852A62C4D497B003B27D1 /* SuffixesView.swift */,
				43E003702C4E9EC700FBB9A4 /* SuffixesViewModel.swift */,
			);
			path = Suffixes;
			sourceTree = "<group>";
		};
		43A6AD532C58E2B800CE8B97 /* UI */ = {
			isa = PBXGroup;
			children = (
				43A6AD542C58E2F300CE8B97 /* CustomTextFieldView.swift */,
			);
			path = UI;
			sourceTree = "<group>";
		};
		43E0036F2C4E9E9200FBB9A4 /* Modules */ = {
			isa = PBXGroup;
			children = (
				43A6AD522C58E28C00CE8B97 /* Suffixes */,
			);
			path = Modules;
			sourceTree = "<group>";
		};
/* End PBXGroup section */

/* Begin PBXNativeTarget section */
		436852A02C4D497B003B27D1 /* HW_SuffixSequence */ = {
			isa = PBXNativeTarget;
			buildConfigurationList = 436852AF2C4D497C003B27D1 /* Build configuration list for PBXNativeTarget "HW_SuffixSequence" */;
			buildPhases = (
				4368529D2C4D497B003B27D1 /* Sources */,
				4368529E2C4D497B003B27D1 /* Frameworks */,
				4368529F2C4D497B003B27D1 /* Resources */,
			);
			buildRules = (
			);
			dependencies = (
			);
			name = HW_SuffixSequence;
			productName = HW_SuffixSequence;
			productReference = 436852A12C4D497B003B27D1 /* HW_SuffixSequence.app */;
			productType = "com.apple.product-type.application";
		};
/* End PBXNativeTarget section */

/* Begin PBXProject section */
		436852992C4D497B003B27D1 /* Project object */ = {
			isa = PBXProject;
			attributes = {
				BuildIndependentTargetsInParallel = 1;
				LastSwiftUpdateCheck = 1500;
				LastUpgradeCheck = 1500;
				TargetAttributes = {
					436852A02C4D497B003B27D1 = {
						CreatedOnToolsVersion = 15.0;
					};
				};
			};
			buildConfigurationList = 4368529C2C4D497B003B27D1 /* Build configuration list for PBXProject "HW_SuffixSequence" */;
			compatibilityVersion = "Xcode 14.0";
			developmentRegion = en;
			hasScannedForEncodings = 0;
			knownRegions = (
				en,
				Base,
			);
			mainGroup = 436852982C4D497B003B27D1;
			productRefGroup = 436852A22C4D497B003B27D1 /* Products */;
			projectDirPath = "";
			projectRoot = "";
			targets = (
				436852A02C4D497B003B27D1 /* HW_SuffixSequence */,
			);
		};
/* End PBXProject section */

/* Begin PBXResourcesBuildPhase section */
		4368529F2C4D497B003B27D1 /* Resources */ = {
			isa = PBXResourcesBuildPhase;
			buildActionMask = 2147483647;
			files = (
				436852AC2C4D497C003B27D1 /* Preview Assets.xcassets in Resources */,
				436852A92C4D497C003B27D1 /* Assets.xcassets in Resources */,
			);
			runOnlyForDeploymentPostprocessing = 0;
		};
/* End PBXResourcesBuildPhase section */

/* Begin PBXSourcesBuildPhase section */
		4368529D2C4D497B003B27D1 /* Sources */ = {
			isa = PBXSourcesBuildPhase;
			buildActionMask = 2147483647;
			files = (
				436852A72C4D497B003B27D1 /* SuffixesView.swift in Sources */,
				43A6AD552C58E2F300CE8B97 /* CustomTextFieldView.swift in Sources */,
				436852B42C4D4C1B003B27D1 /* SuffixSequence.swift in Sources */,
				436852A52C4D497B003B27D1 /* HW_SuffixSequenceApp.swift in Sources */,
				43E003712C4E9EC700FBB9A4 /* SuffixesViewModel.swift in Sources */,
			);
			runOnlyForDeploymentPostprocessing = 0;
		};
/* End PBXSourcesBuildPhase section */

/* Begin XCBuildConfiguration section */
		436852AD2C4D497C003B27D1 /* Debug */ = {
			isa = XCBuildConfiguration;
			buildSettings = {
				ALWAYS_SEARCH_USER_PATHS = NO;
				ASSETCATALOG_COMPILER_GENERATE_SWIFT_ASSET_SYMBOL_EXTENSIONS = YES;
				CLANG_ANALYZER_NONNULL = YES;
				CLANG_ANALYZER_NUMBER_OBJECT_CONVERSION = YES_AGGRESSIVE;
				CLANG_CXX_LANGUAGE_STANDARD = "gnu++20";
				CLANG_ENABLE_MODULES = YES;
				CLANG_ENABLE_OBJC_ARC = YES;
				CLANG_ENABLE_OBJC_WEAK = YES;
				CLANG_WARN_BLOCK_CAPTURE_AUTORELEASING = YES;
				CLANG_WARN_BOOL_CONVERSION = YES;
				CLANG_WARN_COMMA = YES;
				CLANG_WARN_CONSTANT_CONVERSION = YES;
				CLANG_WARN_DEPRECATED_OBJC_IMPLEMENTATIONS = YES;
				CLANG_WARN_DIRECT_OBJC_ISA_USAGE = YES_ERROR;
				CLANG_WARN_DOCUMENTATION_COMMENTS = YES;
				CLANG_WARN_EMPTY_BODY = YES;
				CLANG_WARN_ENUM_CONVERSION = YES;
				CLANG_WARN_INFINITE_RECURSION = YES;
				CLANG_WARN_INT_CONVERSION = YES;
				CLANG_WARN_NON_LITERAL_NULL_CONVERSION = YES;
				CLANG_WARN_OBJC_IMPLICIT_RETAIN_SELF = YES;
				CLANG_WARN_OBJC_LITERAL_CONVERSION = YES;
				CLANG_WARN_OBJC_ROOT_CLASS = YES_ERROR;
				CLANG_WARN_QUOTED_INCLUDE_IN_FRAMEWORK_HEADER = YES;
				CLANG_WARN_RANGE_LOOP_ANALYSIS = YES;
				CLANG_WARN_STRICT_PROTOTYPES = YES;
				CLANG_WARN_SUSPICIOUS_MOVE = YES;
				CLANG_WARN_UNGUARDED_AVAILABILITY = YES_AGGRESSIVE;
				CLANG_WARN_UNREACHABLE_CODE = YES;
				CLANG_WARN__DUPLICATE_METHOD_MATCH = YES;
				COPY_PHASE_STRIP = NO;
				DEBUG_INFORMATION_FORMAT = dwarf;
				ENABLE_STRICT_OBJC_MSGSEND = YES;
				ENABLE_TESTABILITY = YES;
				ENABLE_USER_SCRIPT_SANDBOXING = YES;
				GCC_C_LANGUAGE_STANDARD = gnu17;
				GCC_DYNAMIC_NO_PIC = NO;
				GCC_NO_COMMON_BLOCKS = YES;
				GCC_OPTIMIZATION_LEVEL = 0;
				GCC_PREPROCESSOR_DEFINITIONS = (
					"DEBUG=1",
					"$(inherited)",
				);
				GCC_WARN_64_TO_32_BIT_CONVERSION = YES;
				GCC_WARN_ABOUT_RETURN_TYPE = YES_ERROR;
				GCC_WARN_UNDECLARED_SELECTOR = YES;
				GCC_WARN_UNINITIALIZED_AUTOS = YES_AGGRESSIVE;
				GCC_WARN_UNUSED_FUNCTION = YES;
				GCC_WARN_UNUSED_VARIABLE = YES;
				IPHONEOS_DEPLOYMENT_TARGET = 17.0;
				LOCALIZATION_PREFERS_STRING_CATALOGS = YES;
				MTL_ENABLE_DEBUG_INFO = INCLUDE_SOURCE;
				MTL_FAST_MATH = YES;
				ONLY_ACTIVE_ARCH = YES;
				SDKROOT = iphoneos;
				SWIFT_ACTIVE_COMPILATION_CONDITIONS = "DEBUG $(inherited)";
				SWIFT_OPTIMIZATION_LEVEL = "-Onone";
			};
			name = Debug;
		};
		436852AE2C4D497C003B27D1 /* Release */ = {
			isa = XCBuildConfiguration;
			buildSettings = {
				ALWAYS_SEARCH_USER_PATHS = NO;
				ASSETCATALOG_COMPILER_GENERATE_SWIFT_ASSET_SYMBOL_EXTENSIONS = YES;
				CLANG_ANALYZER_NONNULL = YES;
				CLANG_ANALYZER_NUMBER_OBJECT_CONVERSION = YES_AGGRESSIVE;
				CLANG_CXX_LANGUAGE_STANDARD = "gnu++20";
				CLANG_ENABLE_MODULES = YES;
				CLANG_ENABLE_OBJC_ARC = YES;
				CLANG_ENABLE_OBJC_WEAK = YES;
				CLANG_WARN_BLOCK_CAPTURE_AUTORELEASING = YES;
				CLANG_WARN_BOOL_CONVERSION = YES;
				CLANG_WARN_COMMA = YES;
				CLANG_WARN_CONSTANT_CONVERSION = YES;
				CLANG_WARN_DEPRECATED_OBJC_IMPLEMENTATIONS = YES;
				CLANG_WARN_DIRECT_OBJC_ISA_USAGE = YES_ERROR;
				CLANG_WARN_DOCUMENTATION_COMMENTS = YES;
				CLANG_WARN_EMPTY_BODY = YES;
				CLANG_WARN_ENUM_CONVERSION = YES;
				CLANG_WARN_INFINITE_RECURSION = YES;
				CLANG_WARN_INT_CONVERSION = YES;
				CLANG_WARN_NON_LITERAL_NULL_CONVERSION = YES;
				CLANG_WARN_OBJC_IMPLICIT_RETAIN_SELF = YES;
				CLANG_WARN_OBJC_LITERAL_CONVERSION = YES;
				CLANG_WARN_OBJC_ROOT_CLASS = YES_ERROR;
				CLANG_WARN_QUOTED_INCLUDE_IN_FRAMEWORK_HEADER = YES;
				CLANG_WARN_RANGE_LOOP_ANALYSIS = YES;
				CLANG_WARN_STRICT_PROTOTYPES = YES;
				CLANG_WARN_SUSPICIOUS_MOVE = YES;
				CLANG_WARN_UNGUARDED_AVAILABILITY = YES_AGGRESSIVE;
				CLANG_WARN_UNREACHABLE_CODE = YES;
				CLANG_WARN__DUPLICATE_METHOD_MATCH = YES;
				COPY_PHASE_STRIP = NO;
				DEBUG_INFORMATION_FORMAT = "dwarf-with-dsym";
				ENABLE_NS_ASSERTIONS = NO;
				ENABLE_STRICT_OBJC_MSGSEND = YES;
				ENABLE_USER_SCRIPT_SANDBOXING = YES;
				GCC_C_LANGUAGE_STANDARD = gnu17;
				GCC_NO_COMMON_BLOCKS = YES;
				GCC_WARN_64_TO_32_BIT_CONVERSION = YES;
				GCC_WARN_ABOUT_RETURN_TYPE = YES_ERROR;
				GCC_WARN_UNDECLARED_SELECTOR = YES;
				GCC_WARN_UNINITIALIZED_AUTOS = YES_AGGRESSIVE;
				GCC_WARN_UNUSED_FUNCTION = YES;
				GCC_WARN_UNUSED_VARIABLE = YES;
				IPHONEOS_DEPLOYMENT_TARGET = 17.0;
				LOCALIZATION_PREFERS_STRING_CATALOGS = YES;
				MTL_ENABLE_DEBUG_INFO = NO;
				MTL_FAST_MATH = YES;
				SDKROOT = iphoneos;
				SWIFT_COMPILATION_MODE = wholemodule;
				VALIDATE_PRODUCT = YES;
			};
			name = Release;
		};
		436852B02C4D497C003B27D1 /* Debug */ = {
			isa = XCBuildConfiguration;
			buildSettings = {
				ASSETCATALOG_COMPILER_APPICON_NAME = AppIcon;
				ASSETCATALOG_COMPILER_GLOBAL_ACCENT_COLOR_NAME = AccentColor;
				CODE_SIGN_STYLE = Automatic;
				CURRENT_PROJECT_VERSION = 1;
				DEVELOPMENT_ASSET_PATHS = "\"SuffixSequence/Preview Content\"";
				DEVELOPMENT_TEAM = 5VBQ98K5MQ;
				ENABLE_PREVIEWS = YES;
				GENERATE_INFOPLIST_FILE = YES;
				INFOPLIST_KEY_UIApplicationSceneManifest_Generation = YES;
				INFOPLIST_KEY_UIApplicationSupportsIndirectInputEvents = YES;
				INFOPLIST_KEY_UILaunchScreen_Generation = YES;
				INFOPLIST_KEY_UISupportedInterfaceOrientations_iPad = "UIInterfaceOrientationPortrait UIInterfaceOrientationPortraitUpsideDown UIInterfaceOrientationLandscapeLeft UIInterfaceOrientationLandscapeRight";
				INFOPLIST_KEY_UISupportedInterfaceOrientations_iPhone = "UIInterfaceOrientationPortrait UIInterfaceOrientationLandscapeLeft UIInterfaceOrientationLandscapeRight";
				LD_RUNPATH_SEARCH_PATHS = (
					"$(inherited)",
					"@executable_path/Frameworks",
				);
				MARKETING_VERSION = 1.0;
				PRODUCT_BUNDLE_IDENTIFIER = "K2.HW-SuffixSequence";
				PRODUCT_NAME = "$(TARGET_NAME)";
				SWIFT_EMIT_LOC_STRINGS = YES;
				SWIFT_VERSION = 5.0;
				TARGETED_DEVICE_FAMILY = "1,2";
			};
			name = Debug;
		};
		436852B12C4D497C003B27D1 /* Release */ = {
			isa = XCBuildConfiguration;
			buildSettings = {
				ASSETCATALOG_COMPILER_APPICON_NAME = AppIcon;
				ASSETCATALOG_COMPILER_GLOBAL_ACCENT_COLOR_NAME = AccentColor;
				CODE_SIGN_STYLE = Automatic;
				CURRENT_PROJECT_VERSION = 1;
				DEVELOPMENT_ASSET_PATHS = "\"SuffixSequence/Preview Content\"";
				DEVELOPMENT_TEAM = 5VBQ98K5MQ;
				ENABLE_PREVIEWS = YES;
				GENERATE_INFOPLIST_FILE = YES;
				INFOPLIST_KEY_UIApplicationSceneManifest_Generation = YES;
				INFOPLIST_KEY_UIApplicationSupportsIndirectInputEvents = YES;
				INFOPLIST_KEY_UILaunchScreen_Generation = YES;
				INFOPLIST_KEY_UISupportedInterfaceOrientations_iPad = "UIInterfaceOrientationPortrait UIInterfaceOrientationPortraitUpsideDown UIInterfaceOrientationLandscapeLeft UIInterfaceOrientationLandscapeRight";
				INFOPLIST_KEY_UISupportedInterfaceOrientations_iPhone = "UIInterfaceOrientationPortrait UIInterfaceOrientationLandscapeLeft UIInterfaceOrientationLandscapeRight";
				LD_RUNPATH_SEARCH_PATHS = (
					"$(inherited)",
					"@executable_path/Frameworks",
				);
				MARKETING_VERSION = 1.0;
				PRODUCT_BUNDLE_IDENTIFIER = "K2.HW-SuffixSequence";
				PRODUCT_NAME = "$(TARGET_NAME)";
				SWIFT_EMIT_LOC_STRINGS = YES;
				SWIFT_VERSION = 5.0;
				TARGETED_DEVICE_FAMILY = "1,2";
			};
			name = Release;
		};
/* End XCBuildConfiguration section */

/* Begin XCConfigurationList section */
		4368529C2C4D497B003B27D1 /* Build configuration list for PBXProject "HW_SuffixSequence" */ = {
			isa = XCConfigurationList;
			buildConfigurations = (
				436852AD2C4D497C003B27D1 /* Debug */,
				436852AE2C4D497C003B27D1 /* Release */,
			);
			defaultConfigurationIsVisible = 0;
			defaultConfigurationName = Release;
		};
		436852AF2C4D497C003B27D1 /* Build configuration list for PBXNativeTarget "HW_SuffixSequence" */ = {
			isa = XCConfigurationList;
			buildConfigurations = (
				436852B02C4D497C003B27D1 /* Debug */,
				436852B12C4D497C003B27D1 /* Release */,
			);
			defaultConfigurationIsVisible = 0;
			defaultConfigurationName = Release;
		};
/* End XCConfigurationList section */
	};
	rootObject = 436852992C4D497B003B27D1 /* Project object */;
}
